
Microsoft Visual Studio Solution File, Format Version 12.00
Project("{2150E333-8FDC-42A3-9474-1A3956D46DE8}") = "configs", "configs", "{0A243847-374D-4275-8CF3-65655F840D38}"
	ProjectSection(SolutionItems) = preProject
		NuGet.config = NuGet.config
		.editorconfig = .editorconfig
		Directory.Build.props = Directory.Build.props
		Directory.Build.targets = Directory.Build.targets
	EndProjectSection
EndProject
Project("{2150E333-8FDC-42A3-9474-1A3956D46DE8}") = "tests", "tests", "{AD49D916-6B58-4FE0-B578-45EE6D5CA775}"
EndProject
Global
	GlobalSection(SolutionConfigurationPlatforms) = preSolution
		Debug|Any CPU = Debug|Any CPU
		Release|Any CPU = Release|Any CPU
	EndGlobalSection
	GlobalSection(NestedProjects) = preSolution
		{AD49D916-6B58-4FE0-B578-45EE6D5CA775} = {0A243847-374D-4275-8CF3-65655F840D38}
	EndGlobalSection
EndGlobal
